
Microsoft Visual Studio Solution File, Format Version 12.00
# Visual Studio Version 17
VisualStudioVersion = 17.11.35222.181
MinimumVisualStudioVersion = 10.0.40219.1
Project("{FAE04EC0-301F-11D3-BF4B-00C04F79EFBC}") = "ConsoleAppAss2", "ConsoleAppAss2.csproj", "{4FCDAF57-EC19-4D98-B615-03EA713E9857}"
EndProject
Global
	GlobalSection(SolutionConfigurationPlatforms) = preSolution
		Debug|Any CPU = Debug|Any CPU
		Release|Any CPU = Release|Any CPU
	EndGlobalSection
	GlobalSection(ProjectConfigurationPlatforms) = postSolution
		{4FCDAF57-EC19-4D98-B615-03EA713E9857}.Debug|Any CPU.ActiveCfg = Debug|Any CPU
		{4FCDAF57-EC19-4D98-B615-03EA713E9857}.Debug|Any CPU.Build.0 = Debug|Any CPU
		{4FCDAF57-EC19-4D98-B615-03EA713E9857}.Release|Any CPU.ActiveCfg = Release|Any CPU
		{4FCDAF57-EC19-4D98-B615-03EA713E9857}.Release|Any CPU.Build.0 = Release|Any CPU
	EndGlobalSection
	GlobalSection(SolutionProperties) = preSolution
		HideSolutionNode = FALSE
	EndGlobalSection
	GlobalSection(ExtensibilityGlobals) = postSolution
		SolutionGuid = {530C2817-DD8B-4E9B-A0F3-CF80E5308D05}
	EndGlobalSection
EndGlobal
